
Microsoft Visual Studio Solution File, Format Version 11.00
# Visual Studio 2010
Project("{E24C65DC-7377-472B-9ABA-BC803B73C61A}") = "E-RECRUITER", ".", "{232D073B-C946-4BF7-A3A0-E4BD8A728C9E}"
	ProjectSection(WebsiteProperties) = preProject
		TargetFrameworkMoniker = ".NETFramework,Version%3Dv4.0"
		Debug.AspNetCompiler.VirtualPath = "/E-RECRUITER"
		Debug.AspNetCompiler.PhysicalPath = "..\E-RECRUITER\"
		Debug.AspNetCompiler.TargetPath = "PrecompiledWeb\E-RECRUITER\"
		Debug.AspNetCompiler.Updateable = "true"
		Debug.AspNetCompiler.ForceOverwrite = "true"
		Debug.AspNetCompiler.FixedNames = "false"
		Debug.AspNetCompiler.Debug = "True"
		Release.AspNetCompiler.VirtualPath = "/E-RECRUITER"
		Release.AspNetCompiler.PhysicalPath = "..\E-RECRUITER\"
		Release.AspNetCompiler.TargetPath = "PrecompiledWeb\E-RECRUITER\"
		Release.AspNetCompiler.Updateable = "true"
		Release.AspNetCompiler.ForceOverwrite = "true"
		Release.AspNetCompiler.FixedNames = "false"
		Release.AspNetCompiler.Debug = "False"
		VWDPort = "37622"
	EndProjectSection
EndProject
Global
	GlobalSection(SolutionConfigurationPlatforms) = preSolution
		Debug|Any CPU = Debug|Any CPU
	EndGlobalSection
	GlobalSection(ProjectConfigurationPlatforms) = postSolution
		{232D073B-C946-4BF7-A3A0-E4BD8A728C9E}.Debug|Any CPU.ActiveCfg = Debug|Any CPU
		{232D073B-C946-4BF7-A3A0-E4BD8A728C9E}.Debug|Any CPU.Build.0 = Debug|Any CPU
	EndGlobalSection
	GlobalSection(SolutionProperties) = preSolution
		HideSolutionNode = FALSE
	EndGlobalSection
EndGlobal
